
Microsoft Visual Studio Solution File, Format Version 12.00
# Visual Studio Version 16
VisualStudioVersion = 16.0.30204.135
MinimumVisualStudioVersion = 10.0.40219.1
Project("{FAE04EC0-301F-11D3-BF4B-00C04F79EFBC}") = "LogiXNodeBrowser", "LogiXNodeBrowser\LogiXNodeBrowser.csproj", "{9159A6B2-FDF4-4D5F-8121-87415B1144E3}"
EndProject
Global
	GlobalSection(SolutionConfigurationPlatforms) = preSolution
		Debug|Any CPU = Debug|Any CPU
		Release|Any CPU = Release|Any CPU
	EndGlobalSection
	GlobalSection(ProjectConfigurationPlatforms) = postSolution
		{9159A6B2-FDF4-4D5F-8121-87415B1144E3}.Debug|Any CPU.ActiveCfg = Debug|Any CPU
		{9159A6B2-FDF4-4D5F-8121-87415B1144E3}.Debug|Any CPU.Build.0 = Debug|Any CPU
		{9159A6B2-FDF4-4D5F-8121-87415B1144E3}.Release|Any CPU.ActiveCfg = Release|Any CPU
		{9159A6B2-FDF4-4D5F-8121-87415B1144E3}.Release|Any CPU.Build.0 = Release|Any CPU
	EndGlobalSection
	GlobalSection(SolutionProperties) = preSolution
		HideSolutionNode = FALSE
	EndGlobalSection
	GlobalSection(ExtensibilityGlobals) = postSolution
		SolutionGuid = {4CDB31C7-7E8A-4B7A-91A8-00B97B54823F}
	EndGlobalSection
EndGlobal
